// !$*UTF8*$!
{
	archiveVersion = 1;
	classes = {
	};
	objectVersion = 46;
	objects = {

/* Begin PBXBuildFile section */
		B72101B717621EAD006A8AFF /* ALKMetric.h in Headers */ = {isa = PBXBuildFile; fileRef = B72101B617621EAC006A8AFF /* ALKMetric.h */; settings = {ATTRIBUTES = (Public, ); }; };
		B7A93705175E0CB40003D49D /* Foundation.framework in Frameworks */ = {isa = PBXBuildFile; fileRef = B7A93704175E0CB40003D49D /* Foundation.framework */; };
		B7A9370A175E0CB40003D49D /* Alkaline.h in Headers */ = {isa = PBXBuildFile; fileRef = B7A93709175E0CB40003D49D /* Alkaline.h */; settings = {ATTRIBUTES = (Public, ); }; };
		B7A93714175E0CB40003D49D /* SenTestingKit.framework in Frameworks */ = {isa = PBXBuildFile; fileRef = B7A93713175E0CB40003D49D /* SenTestingKit.framework */; };
		B7A93716175E0CB40003D49D /* UIKit.framework in Frameworks */ = {isa = PBXBuildFile; fileRef = B7A93715175E0CB40003D49D /* UIKit.framework */; };
		B7A93717175E0CB40003D49D /* Foundation.framework in Frameworks */ = {isa = PBXBuildFile; fileRef = B7A93704175E0CB40003D49D /* Foundation.framework */; };
		B7A9371A175E0CB40003D49D /* libAlkaline.a in Frameworks */ = {isa = PBXBuildFile; fileRef = B7A93701175E0CB40003D49D /* libAlkaline.a */; };
		B7A93720175E0CB40003D49D /* InfoPlist.strings in Resources */ = {isa = PBXBuildFile; fileRef = B7A9371E175E0CB40003D49D /* InfoPlist.strings */; };
		B7A93723175E0CB40003D49D /* AlkalineTests.m in Sources */ = {isa = PBXBuildFile; fileRef = B7A93722175E0CB40003D49D /* AlkalineTests.m */; };
		B7A9372E175E0D580003D49D /* ALKMetricBase.m in Sources */ = {isa = PBXBuildFile; fileRef = B7A9372D175E0D580003D49D /* ALKMetricBase.m */; };
		B7A9372F175E0D580003D49D /* ALKMetricBase.m in Sources */ = {isa = PBXBuildFile; fileRef = B7A9372D175E0D580003D49D /* ALKMetricBase.m */; };
		B7A93732175E0E020003D49D /* ALKTestOperation.m in Sources */ = {isa = PBXBuildFile; fileRef = B7A93731175E0E020003D49D /* ALKTestOperation.m */; };
		B7A93733175E0E020003D49D /* ALKTestOperation.m in Sources */ = {isa = PBXBuildFile; fileRef = B7A93731175E0E020003D49D /* ALKTestOperation.m */; };
		B7A93736175E0EF70003D49D /* ALKTestRunner.m in Sources */ = {isa = PBXBuildFile; fileRef = B7A93735175E0EF70003D49D /* ALKTestRunner.m */; };
		B7A93737175E0EF70003D49D /* ALKTestRunner.m in Sources */ = {isa = PBXBuildFile; fileRef = B7A93735175E0EF70003D49D /* ALKTestRunner.m */; };
		B7A9373A175E12810003D49D /* ALKTestResultsViewController.m in Sources */ = {isa = PBXBuildFile; fileRef = B7A93739175E12810003D49D /* ALKTestResultsViewController.m */; };
		B7A9373B175E12810003D49D /* ALKTestResultsViewController.m in Sources */ = {isa = PBXBuildFile; fileRef = B7A93739175E12810003D49D /* ALKTestResultsViewController.m */; };
		B7A93752175E3B860003D49D /* UIKit.framework in Frameworks */ = {isa = PBXBuildFile; fileRef = B7A93715175E0CB40003D49D /* UIKit.framework */; };
		B7A93753175E3B860003D49D /* Foundation.framework in Frameworks */ = {isa = PBXBuildFile; fileRef = B7A93704175E0CB40003D49D /* Foundation.framework */; };
		B7A93755175E3B860003D49D /* CoreGraphics.framework in Frameworks */ = {isa = PBXBuildFile; fileRef = B7A93754175E3B860003D49D /* CoreGraphics.framework */; };
		B7A9375B175E3B860003D49D /* InfoPlist.strings in Resources */ = {isa = PBXBuildFile; fileRef = B7A93759175E3B860003D49D /* InfoPlist.strings */; };
		B7A9375D175E3B860003D49D /* main.m in Sources */ = {isa = PBXBuildFile; fileRef = B7A9375C175E3B860003D49D /* main.m */; };
		B7A93761175E3B860003D49D /* ALKAppDelegate.m in Sources */ = {isa = PBXBuildFile; fileRef = B7A93760175E3B860003D49D /* ALKAppDelegate.m */; };
		B7A93763175E3B860003D49D /* Default.png in Resources */ = {isa = PBXBuildFile; fileRef = B7A93762175E3B860003D49D /* Default.png */; };
		B7A93765175E3B860003D49D /* Default@2x.png in Resources */ = {isa = PBXBuildFile; fileRef = B7A93764175E3B860003D49D /* Default@2x.png */; };
		B7A93767175E3B860003D49D /* Default-568h@2x.png in Resources */ = {isa = PBXBuildFile; fileRef = B7A93766175E3B860003D49D /* Default-568h@2x.png */; };
		B7BF6847175E3CCE002FF6D6 /* ALKTestResultsViewController.h in Headers */ = {isa = PBXBuildFile; fileRef = B7A93738175E12810003D49D /* ALKTestResultsViewController.h */; settings = {ATTRIBUTES = (Public, ); }; };
		B7BF6848175E3CCE002FF6D6 /* ALKTestRunner.h in Headers */ = {isa = PBXBuildFile; fileRef = B7A93734175E0EF70003D49D /* ALKTestRunner.h */; settings = {ATTRIBUTES = (Public, ); }; };
		B7BF6849175E3CCE002FF6D6 /* ALKMetricBase.h in Headers */ = {isa = PBXBuildFile; fileRef = B7A9372C175E0D580003D49D /* ALKMetricBase.h */; settings = {ATTRIBUTES = (Public, ); }; };
		B7BF684A175E3CD8002FF6D6 /* ALKTestOperation.h in Headers */ = {isa = PBXBuildFile; fileRef = B7A93730175E0E020003D49D /* ALKTestOperation.h */; };
		B7BF684D175E408D002FF6D6 /* libAlkaline.a in Frameworks */ = {isa = PBXBuildFile; fileRef = B7A93701175E0CB40003D49D /* libAlkaline.a */; };
		B7BF6850175E41E5002FF6D6 /* RenderGraphicsMetric.m in Sources */ = {isa = PBXBuildFile; fileRef = B7BF684F175E41E5002FF6D6 /* RenderGraphicsMetric.m */; };
		B7DE0B08175F5A4F0088D9A1 /* ALKTestResult.h in Headers */ = {isa = PBXBuildFile; fileRef = B7DE0B06175F5A4F0088D9A1 /* ALKTestResult.h */; settings = {ATTRIBUTES = (Public, ); }; };
		B7DE0B09175F5A4F0088D9A1 /* ALKTestResult.m in Sources */ = {isa = PBXBuildFile; fileRef = B7DE0B07175F5A4F0088D9A1 /* ALKTestResult.m */; };
		B7DE0B0C175F5AAB0088D9A1 /* ALKMetricCell.h in Headers */ = {isa = PBXBuildFile; fileRef = B7DE0B0A175F5AAB0088D9A1 /* ALKMetricCell.h */; };
		B7DE0B0D175F5AAB0088D9A1 /* ALKMetricCell.m in Sources */ = {isa = PBXBuildFile; fileRef = B7DE0B0B175F5AAB0088D9A1 /* ALKMetricCell.m */; };
/* End PBXBuildFile section */

/* Begin PBXContainerItemProxy section */
		B7A93718175E0CB40003D49D /* PBXContainerItemProxy */ = {
			isa = PBXContainerItemProxy;
			containerPortal = B7A936F9175E0CB40003D49D /* Project object */;
			proxyType = 1;
			remoteGlobalIDString = B7A93700175E0CB40003D49D;
			remoteInfo = Alkaline;
		};
/* End PBXContainerItemProxy section */

/* Begin PBXCopyFilesBuildPhase section */
		B7A936FF175E0CB40003D49D /* CopyFiles */ = {
			isa = PBXCopyFilesBuildPhase;
			buildActionMask = 2147483647;
			dstPath = "include/${PRODUCT_NAME}";
			dstSubfolderSpec = 16;
			files = (
			);
			runOnlyForDeploymentPostprocessing = 0;
		};
/* End PBXCopyFilesBuildPhase section */

/* Begin PBXFileReference section */
		B72101B617621EAC006A8AFF /* ALKMetric.h */ = {isa = PBXFileReference; fileEncoding = 4; lastKnownFileType = sourcecode.c.h; path = ALKMetric.h; sourceTree = "<group>"; };
		B7A93701175E0CB40003D49D /* libAlkaline.a */ = {isa = PBXFileReference; explicitFileType = archive.ar; includeInIndex = 0; path = libAlkaline.a; sourceTree = BUILT_PRODUCTS_DIR; };
		B7A93704175E0CB40003D49D /* Foundation.framework */ = {isa = PBXFileReference; lastKnownFileType = wrapper.framework; name = Foundation.framework; path = System/Library/Frameworks/Foundation.framework; sourceTree = SDKROOT; };
		B7A93708175E0CB40003D49D /* Alkaline-Prefix.pch */ = {isa = PBXFileReference; lastKnownFileType = sourcecode.c.h; path = "Alkaline-Prefix.pch"; sourceTree = "<group>"; };
		B7A93709175E0CB40003D49D /* Alkaline.h */ = {isa = PBXFileReference; lastKnownFileType = sourcecode.c.h; path = Alkaline.h; sourceTree = "<group>"; };
		B7A93712175E0CB40003D49D /* AlkalineTests.octest */ = {isa = PBXFileReference; explicitFileType = wrapper.cfbundle; includeInIndex = 0; path = AlkalineTests.octest; sourceTree = BUILT_PRODUCTS_DIR; };
		B7A93713175E0CB40003D49D /* SenTestingKit.framework */ = {isa = PBXFileReference; lastKnownFileType = wrapper.framework; name = SenTestingKit.framework; path = Library/Frameworks/SenTestingKit.framework; sourceTree = DEVELOPER_DIR; };
		B7A93715175E0CB40003D49D /* UIKit.framework */ = {isa = PBXFileReference; lastKnownFileType = wrapper.framework; name = UIKit.framework; path = Library/Frameworks/UIKit.framework; sourceTree = DEVELOPER_DIR; };
		B7A9371D175E0CB40003D49D /* AlkalineTests-Info.plist */ = {isa = PBXFileReference; lastKnownFileType = text.plist.xml; path = "AlkalineTests-Info.plist"; sourceTree = "<group>"; };
		B7A9371F175E0CB40003D49D /* en */ = {isa = PBXFileReference; lastKnownFileType = text.plist.strings; name = en; path = en.lproj/InfoPlist.strings; sourceTree = "<group>"; };
		B7A93721175E0CB40003D49D /* AlkalineTests.h */ = {isa = PBXFileReference; lastKnownFileType = sourcecode.c.h; path = AlkalineTests.h; sourceTree = "<group>"; };
		B7A93722175E0CB40003D49D /* AlkalineTests.m */ = {isa = PBXFileReference; lastKnownFileType = sourcecode.c.objc; path = AlkalineTests.m; sourceTree = "<group>"; };
		B7A9372C175E0D580003D49D /* ALKMetricBase.h */ = {isa = PBXFileReference; fileEncoding = 4; lastKnownFileType = sourcecode.c.h; path = ALKMetricBase.h; sourceTree = "<group>"; };
		B7A9372D175E0D580003D49D /* ALKMetricBase.m */ = {isa = PBXFileReference; fileEncoding = 4; lastKnownFileType = sourcecode.c.objc; path = ALKMetricBase.m; sourceTree = "<group>"; };
		B7A93730175E0E020003D49D /* ALKTestOperation.h */ = {isa = PBXFileReference; fileEncoding = 4; lastKnownFileType = sourcecode.c.h; path = ALKTestOperation.h; sourceTree = "<group>"; };
		B7A93731175E0E020003D49D /* ALKTestOperation.m */ = {isa = PBXFileReference; fileEncoding = 4; lastKnownFileType = sourcecode.c.objc; path = ALKTestOperation.m; sourceTree = "<group>"; };
		B7A93734175E0EF70003D49D /* ALKTestRunner.h */ = {isa = PBXFileReference; fileEncoding = 4; lastKnownFileType = sourcecode.c.h; path = ALKTestRunner.h; sourceTree = "<group>"; };
		B7A93735175E0EF70003D49D /* ALKTestRunner.m */ = {isa = PBXFileReference; fileEncoding = 4; lastKnownFileType = sourcecode.c.objc; path = ALKTestRunner.m; sourceTree = "<group>"; };
		B7A93738175E12810003D49D /* ALKTestResultsViewController.h */ = {isa = PBXFileReference; fileEncoding = 4; lastKnownFileType = sourcecode.c.h; path = ALKTestResultsViewController.h; sourceTree = "<group>"; };
		B7A93739175E12810003D49D /* ALKTestResultsViewController.m */ = {isa = PBXFileReference; fileEncoding = 4; lastKnownFileType = sourcecode.c.objc; path = ALKTestResultsViewController.m; sourceTree = "<group>"; };
		B7A93751175E3B860003D49D /* AlkalineRunner.app */ = {isa = PBXFileReference; explicitFileType = wrapper.application; includeInIndex = 0; path = AlkalineRunner.app; sourceTree = BUILT_PRODUCTS_DIR; };
		B7A93754175E3B860003D49D /* CoreGraphics.framework */ = {isa = PBXFileReference; lastKnownFileType = wrapper.framework; name = CoreGraphics.framework; path = System/Library/Frameworks/CoreGraphics.framework; sourceTree = SDKROOT; };
		B7A93758175E3B860003D49D /* AlkalineRunner-Info.plist */ = {isa = PBXFileReference; lastKnownFileType = text.plist.xml; path = "AlkalineRunner-Info.plist"; sourceTree = "<group>"; };
		B7A9375A175E3B860003D49D /* en */ = {isa = PBXFileReference; lastKnownFileType = text.plist.strings; name = en; path = en.lproj/InfoPlist.strings; sourceTree = "<group>"; };
		B7A9375C175E3B860003D49D /* main.m */ = {isa = PBXFileReference; lastKnownFileType = sourcecode.c.objc; path = main.m; sourceTree = "<group>"; };
		B7A9375E175E3B860003D49D /* AlkalineRunner-Prefix.pch */ = {isa = PBXFileReference; lastKnownFileType = sourcecode.c.h; path = "AlkalineRunner-Prefix.pch"; sourceTree = "<group>"; };
		B7A9375F175E3B860003D49D /* ALKAppDelegate.h */ = {isa = PBXFileReference; lastKnownFileType = sourcecode.c.h; path = ALKAppDelegate.h; sourceTree = "<group>"; };
		B7A93760175E3B860003D49D /* ALKAppDelegate.m */ = {isa = PBXFileReference; lastKnownFileType = sourcecode.c.objc; path = ALKAppDelegate.m; sourceTree = "<group>"; };
		B7A93762175E3B860003D49D /* Default.png */ = {isa = PBXFileReference; lastKnownFileType = image.png; path = Default.png; sourceTree = "<group>"; };
		B7A93764175E3B860003D49D /* Default@2x.png */ = {isa = PBXFileReference; lastKnownFileType = image.png; path = "Default@2x.png"; sourceTree = "<group>"; };
		B7A93766175E3B860003D49D /* Default-568h@2x.png */ = {isa = PBXFileReference; lastKnownFileType = image.png; path = "Default-568h@2x.png"; sourceTree = "<group>"; };
		B7BF684E175E41E5002FF6D6 /* RenderGraphicsMetric.h */ = {isa = PBXFileReference; fileEncoding = 4; lastKnownFileType = sourcecode.c.h; path = RenderGraphicsMetric.h; sourceTree = "<group>"; };
		B7BF684F175E41E5002FF6D6 /* RenderGraphicsMetric.m */ = {isa = PBXFileReference; fileEncoding = 4; lastKnownFileType = sourcecode.c.objc; path = RenderGraphicsMetric.m; sourceTree = "<group>"; };
		B7DE0B06175F5A4F0088D9A1 /* ALKTestResult.h */ = {isa = PBXFileReference; fileEncoding = 4; lastKnownFileType = sourcecode.c.h; path = ALKTestResult.h; sourceTree = "<group>"; };
		B7DE0B07175F5A4F0088D9A1 /* ALKTestResult.m */ = {isa = PBXFileReference; fileEncoding = 4; lastKnownFileType = sourcecode.c.objc; path = ALKTestResult.m; sourceTree = "<group>"; };
		B7DE0B0A175F5AAB0088D9A1 /* ALKMetricCell.h */ = {isa = PBXFileReference; fileEncoding = 4; lastKnownFileType = sourcecode.c.h; path = ALKMetricCell.h; sourceTree = "<group>"; };
		B7DE0B0B175F5AAB0088D9A1 /* ALKMetricCell.m */ = {isa = PBXFileReference; fileEncoding = 4; lastKnownFileType = sourcecode.c.objc; path = ALKMetricCell.m; sourceTree = "<group>"; };
/* End PBXFileReference section */

/* Begin PBXFrameworksBuildPhase section */
		B7A936FE175E0CB40003D49D /* Frameworks */ = {
			isa = PBXFrameworksBuildPhase;
			buildActionMask = 2147483647;
			files = (
				B7A93705175E0CB40003D49D /* Foundation.framework in Frameworks */,
			);
			runOnlyForDeploymentPostprocessing = 0;
		};
		B7A9370E175E0CB40003D49D /* Frameworks */ = {
			isa = PBXFrameworksBuildPhase;
			buildActionMask = 2147483647;
			files = (
				B7A93714175E0CB40003D49D /* SenTestingKit.framework in Frameworks */,
				B7A93716175E0CB40003D49D /* UIKit.framework in Frameworks */,
				B7A93717175E0CB40003D49D /* Foundation.framework in Frameworks */,
				B7A9371A175E0CB40003D49D /* libAlkaline.a in Frameworks */,
			);
			runOnlyForDeploymentPostprocessing = 0;
		};
		B7A9374E175E3B860003D49D /* Frameworks */ = {
			isa = PBXFrameworksBuildPhase;
			buildActionMask = 2147483647;
			files = (
				B7BF684D175E408D002FF6D6 /* libAlkaline.a in Frameworks */,
				B7A93752175E3B860003D49D /* UIKit.framework in Frameworks */,
				B7A93753175E3B860003D49D /* Foundation.framework in Frameworks */,
				B7A93755175E3B860003D49D /* CoreGraphics.framework in Frameworks */,
			);
			runOnlyForDeploymentPostprocessing = 0;
		};
/* End PBXFrameworksBuildPhase section */

/* Begin PBXGroup section */
		B7A936F8175E0CB40003D49D = {
			isa = PBXGroup;
			children = (
				B7A93706175E0CB40003D49D /* Alkaline */,
				B7A9371B175E0CB40003D49D /* AlkalineTests */,
				B7A93756175E3B860003D49D /* AlkalineRunner */,
				B7A93703175E0CB40003D49D /* Frameworks */,
				B7A93702175E0CB40003D49D /* Products */,
			);
			sourceTree = "<group>";
		};
		B7A93702175E0CB40003D49D /* Products */ = {
			isa = PBXGroup;
			children = (
				B7A93701175E0CB40003D49D /* libAlkaline.a */,
				B7A93712175E0CB40003D49D /* AlkalineTests.octest */,
				B7A93751175E3B860003D49D /* AlkalineRunner.app */,
			);
			name = Products;
			sourceTree = "<group>";
		};
		B7A93703175E0CB40003D49D /* Frameworks */ = {
			isa = PBXGroup;
			children = (
				B7A93704175E0CB40003D49D /* Foundation.framework */,
				B7A93713175E0CB40003D49D /* SenTestingKit.framework */,
				B7A93715175E0CB40003D49D /* UIKit.framework */,
				B7A93754175E3B860003D49D /* CoreGraphics.framework */,
			);
			name = Frameworks;
			sourceTree = "<group>";
		};
		B7A93706175E0CB40003D49D /* Alkaline */ = {
			isa = PBXGroup;
			children = (
				B7A93709175E0CB40003D49D /* Alkaline.h */,
				B7A93738175E12810003D49D /* ALKTestResultsViewController.h */,
				B7A93739175E12810003D49D /* ALKTestResultsViewController.m */,
				B7DE0B0A175F5AAB0088D9A1 /* ALKMetricCell.h */,
				B7DE0B0B175F5AAB0088D9A1 /* ALKMetricCell.m */,
				B7A93734175E0EF70003D49D /* ALKTestRunner.h */,
				B7A93735175E0EF70003D49D /* ALKTestRunner.m */,
				B7A93730175E0E020003D49D /* ALKTestOperation.h */,
				B7A93731175E0E020003D49D /* ALKTestOperation.m */,
				B72101B617621EAC006A8AFF /* ALKMetric.h */,
				B7A9372C175E0D580003D49D /* ALKMetricBase.h */,
				B7A9372D175E0D580003D49D /* ALKMetricBase.m */,
				B7DE0B06175F5A4F0088D9A1 /* ALKTestResult.h */,
				B7DE0B07175F5A4F0088D9A1 /* ALKTestResult.m */,
				B7A93707175E0CB40003D49D /* Supporting Files */,
			);
			path = Alkaline;
			sourceTree = "<group>";
		};
		B7A93707175E0CB40003D49D /* Supporting Files */ = {
			isa = PBXGroup;
			children = (
				B7A93708175E0CB40003D49D /* Alkaline-Prefix.pch */,
			);
			name = "Supporting Files";
			sourceTree = "<group>";
		};
		B7A9371B175E0CB40003D49D /* AlkalineTests */ = {
			isa = PBXGroup;
			children = (
				B7A93721175E0CB40003D49D /* AlkalineTests.h */,
				B7A93722175E0CB40003D49D /* AlkalineTests.m */,
				B7A9371C175E0CB40003D49D /* Supporting Files */,
			);
			path = AlkalineTests;
			sourceTree = "<group>";
		};
		B7A9371C175E0CB40003D49D /* Supporting Files */ = {
			isa = PBXGroup;
			children = (
				B7A9371D175E0CB40003D49D /* AlkalineTests-Info.plist */,
				B7A9371E175E0CB40003D49D /* InfoPlist.strings */,
			);
			name = "Supporting Files";
			sourceTree = "<group>";
		};
		B7A93756175E3B860003D49D /* AlkalineRunner */ = {
			isa = PBXGroup;
			children = (
				B7BF6845175E3C61002FF6D6 /* TestMetrics */,
				B7A9375F175E3B860003D49D /* ALKAppDelegate.h */,
				B7A93760175E3B860003D49D /* ALKAppDelegate.m */,
				B7A93757175E3B860003D49D /* Supporting Files */,
			);
			path = AlkalineRunner;
			sourceTree = "<group>";
		};
		B7A93757175E3B860003D49D /* Supporting Files */ = {
			isa = PBXGroup;
			children = (
				B7A93758175E3B860003D49D /* AlkalineRunner-Info.plist */,
				B7A93759175E3B860003D49D /* InfoPlist.strings */,
				B7A9375C175E3B860003D49D /* main.m */,
				B7A9375E175E3B860003D49D /* AlkalineRunner-Prefix.pch */,
				B7A93762175E3B860003D49D /* Default.png */,
				B7A93764175E3B860003D49D /* Default@2x.png */,
				B7A93766175E3B860003D49D /* Default-568h@2x.png */,
			);
			name = "Supporting Files";
			sourceTree = "<group>";
		};
		B7BF6845175E3C61002FF6D6 /* TestMetrics */ = {
			isa = PBXGroup;
			children = (
				B7BF684E175E41E5002FF6D6 /* RenderGraphicsMetric.h */,
				B7BF684F175E41E5002FF6D6 /* RenderGraphicsMetric.m */,
			);
			name = TestMetrics;
			sourceTree = "<group>";
		};
/* End PBXGroup section */

/* Begin PBXHeadersBuildPhase section */
		B7BF6846175E3CBD002FF6D6 /* Headers */ = {
			isa = PBXHeadersBuildPhase;
			buildActionMask = 2147483647;
			files = (
				B7A9370A175E0CB40003D49D /* Alkaline.h in Headers */,
				B7BF6847175E3CCE002FF6D6 /* ALKTestResultsViewController.h in Headers */,
				B7BF6848175E3CCE002FF6D6 /* ALKTestRunner.h in Headers */,
				B7BF6849175E3CCE002FF6D6 /* ALKMetricBase.h in Headers */,
				B7BF684A175E3CD8002FF6D6 /* ALKTestOperation.h in Headers */,
				B7DE0B08175F5A4F0088D9A1 /* ALKTestResult.h in Headers */,
				B7DE0B0C175F5AAB0088D9A1 /* ALKMetricCell.h in Headers */,
				B72101B717621EAD006A8AFF /* ALKMetric.h in Headers */,
			);
			runOnlyForDeploymentPostprocessing = 0;
		};
/* End PBXHeadersBuildPhase section */

/* Begin PBXNativeTarget section */
		B7A93700175E0CB40003D49D /* Alkaline */ = {
			isa = PBXNativeTarget;
			buildConfigurationList = B7A93726175E0CB40003D49D /* Build configuration list for PBXNativeTarget "Alkaline" */;
			buildPhases = (
				B7A936FD175E0CB40003D49D /* Sources */,
				B7A936FE175E0CB40003D49D /* Frameworks */,
				B7A936FF175E0CB40003D49D /* CopyFiles */,
				B7BF6846175E3CBD002FF6D6 /* Headers */,
			);
			buildRules = (
			);
			dependencies = (
			);
			name = Alkaline;
			productName = Alkaline;
			productReference = B7A93701175E0CB40003D49D /* libAlkaline.a */;
			productType = "com.apple.product-type.library.static";
		};
		B7A93711175E0CB40003D49D /* AlkalineTests */ = {
			isa = PBXNativeTarget;
			buildConfigurationList = B7A93729175E0CB40003D49D /* Build configuration list for PBXNativeTarget "AlkalineTests" */;
			buildPhases = (
				B7A9370D175E0CB40003D49D /* Sources */,
				B7A9370E175E0CB40003D49D /* Frameworks */,
				B7A9370F175E0CB40003D49D /* Resources */,
				B7A93710175E0CB40003D49D /* ShellScript */,
			);
			buildRules = (
			);
			dependencies = (
				B7A93719175E0CB40003D49D /* PBXTargetDependency */,
			);
			name = AlkalineTests;
			productName = AlkalineTests;
			productReference = B7A93712175E0CB40003D49D /* AlkalineTests.octest */;
			productType = "com.apple.product-type.bundle";
		};
		B7A93750175E3B860003D49D /* AlkalineRunner */ = {
			isa = PBXNativeTarget;
			buildConfigurationList = B7A9376E175E3B860003D49D /* Build configuration list for PBXNativeTarget "AlkalineRunner" */;
			buildPhases = (
				B7A9374D175E3B860003D49D /* Sources */,
				B7A9374E175E3B860003D49D /* Frameworks */,
				B7A9374F175E3B860003D49D /* Resources */,
			);
			buildRules = (
			);
			dependencies = (
			);
			name = AlkalineRunner;
			productName = AlkalineRunner;
			productReference = B7A93751175E3B860003D49D /* AlkalineRunner.app */;
			productType = "com.apple.product-type.application";
		};
/* End PBXNativeTarget section */

/* Begin PBXProject section */
		B7A936F9175E0CB40003D49D /* Project object */ = {
			isa = PBXProject;
			attributes = {
				LastUpgradeCheck = 0460;
				ORGANIZATIONNAME = sshrpe;
			};
			buildConfigurationList = B7A936FC175E0CB40003D49D /* Build configuration list for PBXProject "Alkaline" */;
			compatibilityVersion = "Xcode 3.2";
			developmentRegion = English;
			hasScannedForEncodings = 0;
			knownRegions = (
				en,
			);
			mainGroup = B7A936F8175E0CB40003D49D;
			productRefGroup = B7A93702175E0CB40003D49D /* Products */;
			projectDirPath = "";
			projectRoot = "";
			targets = (
				B7A93700175E0CB40003D49D /* Alkaline */,
				B7A93711175E0CB40003D49D /* AlkalineTests */,
				B7A93750175E3B860003D49D /* AlkalineRunner */,
			);
		};
/* End PBXProject section */

/* Begin PBXResourcesBuildPhase section */
		B7A9370F175E0CB40003D49D /* Resources */ = {
			isa = PBXResourcesBuildPhase;
			buildActionMask = 2147483647;
			files = (
				B7A93720175E0CB40003D49D /* InfoPlist.strings in Resources */,
			);
			runOnlyForDeploymentPostprocessing = 0;
		};
		B7A9374F175E3B860003D49D /* Resources */ = {
			isa = PBXResourcesBuildPhase;
			buildActionMask = 2147483647;
			files = (
				B7A9375B175E3B860003D49D /* InfoPlist.strings in Resources */,
				B7A93763175E3B860003D49D /* Default.png in Resources */,
				B7A93765175E3B860003D49D /* Default@2x.png in Resources */,
				B7A93767175E3B860003D49D /* Default-568h@2x.png in Resources */,
			);
			runOnlyForDeploymentPostprocessing = 0;
		};
/* End PBXResourcesBuildPhase section */

/* Begin PBXShellScriptBuildPhase section */
		B7A93710175E0CB40003D49D /* ShellScript */ = {
			isa = PBXShellScriptBuildPhase;
			buildActionMask = 2147483647;
			files = (
			);
			inputPaths = (
			);
			outputPaths = (
			);
			runOnlyForDeploymentPostprocessing = 0;
			shellPath = /bin/sh;
			shellScript = "# Run the unit tests in this test bundle.\n\"${SYSTEM_DEVELOPER_DIR}/Tools/RunUnitTests\"\n";
		};
/* End PBXShellScriptBuildPhase section */

/* Begin PBXSourcesBuildPhase section */
		B7A936FD175E0CB40003D49D /* Sources */ = {
			isa = PBXSourcesBuildPhase;
			buildActionMask = 2147483647;
			files = (
				B7A9372E175E0D580003D49D /* ALKMetricBase.m in Sources */,
				B7A93732175E0E020003D49D /* ALKTestOperation.m in Sources */,
				B7A93736175E0EF70003D49D /* ALKTestRunner.m in Sources */,
				B7A9373A175E12810003D49D /* ALKTestResultsViewController.m in Sources */,
				B7DE0B09175F5A4F0088D9A1 /* ALKTestResult.m in Sources */,
				B7DE0B0D175F5AAB0088D9A1 /* ALKMetricCell.m in Sources */,
			);
			runOnlyForDeploymentPostprocessing = 0;
		};
		B7A9370D175E0CB40003D49D /* Sources */ = {
			isa = PBXSourcesBuildPhase;
			buildActionMask = 2147483647;
			files = (
				B7A93723175E0CB40003D49D /* AlkalineTests.m in Sources */,
				B7A9372F175E0D580003D49D /* ALKMetricBase.m in Sources */,
				B7A93733175E0E020003D49D /* ALKTestOperation.m in Sources */,
				B7A93737175E0EF70003D49D /* ALKTestRunner.m in Sources */,
				B7A9373B175E12810003D49D /* ALKTestResultsViewController.m in Sources */,
			);
			runOnlyForDeploymentPostprocessing = 0;
		};
		B7A9374D175E3B860003D49D /* Sources */ = {
			isa = PBXSourcesBuildPhase;
			buildActionMask = 2147483647;
			files = (
				B7A9375D175E3B860003D49D /* main.m in Sources */,
				B7A93761175E3B860003D49D /* ALKAppDelegate.m in Sources */,
				B7BF6850175E41E5002FF6D6 /* RenderGraphicsMetric.m in Sources */,
			);
			runOnlyForDeploymentPostprocessing = 0;
		};
/* End PBXSourcesBuildPhase section */

/* Begin PBXTargetDependency section */
		B7A93719175E0CB40003D49D /* PBXTargetDependency */ = {
			isa = PBXTargetDependency;
			target = B7A93700175E0CB40003D49D /* Alkaline */;
			targetProxy = B7A93718175E0CB40003D49D /* PBXContainerItemProxy */;
		};
/* End PBXTargetDependency section */

/* Begin PBXVariantGroup section */
		B7A9371E175E0CB40003D49D /* InfoPlist.strings */ = {
			isa = PBXVariantGroup;
			children = (
				B7A9371F175E0CB40003D49D /* en */,
			);
			name = InfoPlist.strings;
			sourceTree = "<group>";
		};
		B7A93759175E3B860003D49D /* InfoPlist.strings */ = {
			isa = PBXVariantGroup;
			children = (
				B7A9375A175E3B860003D49D /* en */,
			);
			name = InfoPlist.strings;
			sourceTree = "<group>";
		};
/* End PBXVariantGroup section */

/* Begin XCBuildConfiguration section */
		B7A93724175E0CB40003D49D /* Debug */ = {
			isa = XCBuildConfiguration;
			buildSettings = {
				ALWAYS_SEARCH_USER_PATHS = NO;
				CLANG_CXX_LANGUAGE_STANDARD = "gnu++0x";
				CLANG_CXX_LIBRARY = "libc++";
				CLANG_ENABLE_OBJC_ARC = YES;
				CLANG_WARN_CONSTANT_CONVERSION = YES;
				CLANG_WARN_EMPTY_BODY = YES;
				CLANG_WARN_ENUM_CONVERSION = YES;
				CLANG_WARN_INT_CONVERSION = YES;
				CLANG_WARN__DUPLICATE_METHOD_MATCH = YES;
				COPY_PHASE_STRIP = NO;
				GCC_C_LANGUAGE_STANDARD = gnu99;
				GCC_DYNAMIC_NO_PIC = NO;
				GCC_OPTIMIZATION_LEVEL = 0;
				GCC_PREPROCESSOR_DEFINITIONS = (
					"DEBUG=1",
					"$(inherited)",
				);
				GCC_SYMBOLS_PRIVATE_EXTERN = NO;
				GCC_WARN_ABOUT_RETURN_TYPE = YES;
				GCC_WARN_UNINITIALIZED_AUTOS = YES;
				GCC_WARN_UNUSED_VARIABLE = YES;
				IPHONEOS_DEPLOYMENT_TARGET = 6.1;
				ONLY_ACTIVE_ARCH = YES;
				SDKROOT = iphoneos;
			};
			name = Debug;
		};
		B7A93725175E0CB40003D49D /* Release */ = {
			isa = XCBuildConfiguration;
			buildSettings = {
				ALWAYS_SEARCH_USER_PATHS = NO;
				CLANG_CXX_LANGUAGE_STANDARD = "gnu++0x";
				CLANG_CXX_LIBRARY = "libc++";
				CLANG_ENABLE_OBJC_ARC = YES;
				CLANG_WARN_CONSTANT_CONVERSION = YES;
				CLANG_WARN_EMPTY_BODY = YES;
				CLANG_WARN_ENUM_CONVERSION = YES;
				CLANG_WARN_INT_CONVERSION = YES;
				CLANG_WARN__DUPLICATE_METHOD_MATCH = YES;
				COPY_PHASE_STRIP = YES;
				GCC_C_LANGUAGE_STANDARD = gnu99;
				GCC_WARN_ABOUT_RETURN_TYPE = YES;
				GCC_WARN_UNINITIALIZED_AUTOS = YES;
				GCC_WARN_UNUSED_VARIABLE = YES;
				IPHONEOS_DEPLOYMENT_TARGET = 6.1;
				SDKROOT = iphoneos;
				VALIDATE_PRODUCT = YES;
			};
			name = Release;
		};
		B7A93727175E0CB40003D49D /* Debug */ = {
			isa = XCBuildConfiguration;
			buildSettings = {
				ARCHS = "$(VALID_ARCHS)";
				DSTROOT = /tmp/Alkaline.dst;
				GCC_PRECOMPILE_PREFIX_HEADER = YES;
				GCC_PREFIX_HEADER = "Alkaline/Alkaline-Prefix.pch";
				OTHER_LDFLAGS = "-ObjC";
				PRODUCT_NAME = "$(TARGET_NAME)";
				PUBLIC_HEADERS_FOLDER_PATH = /include;
				SDKROOT = iphoneos;
				SKIP_INSTALL = YES;
				SUPPORTED_PLATFORMS = "iphonesimulator iphoneos";
				VALID_ARCHS = "armv7 armv7s i386 x86_64";
			};
			name = Debug;
		};
		B7A93728175E0CB40003D49D /* Release */ = {
			isa = XCBuildConfiguration;
			buildSettings = {
				ARCHS = "$(VALID_ARCHS)";
				DSTROOT = /tmp/Alkaline.dst;
				GCC_PRECOMPILE_PREFIX_HEADER = YES;
				GCC_PREFIX_HEADER = "Alkaline/Alkaline-Prefix.pch";
				ONLY_ACTIVE_ARCH = YES;
				OTHER_LDFLAGS = "-ObjC";
				PRODUCT_NAME = "$(TARGET_NAME)";
				PUBLIC_HEADERS_FOLDER_PATH = /include;
				SDKROOT = iphoneos;
				SKIP_INSTALL = YES;
				SUPPORTED_PLATFORMS = "iphonesimulator iphoneos";
				VALID_ARCHS = "armv7 armv7s i386 x86_64";
			};
			name = Release;
		};
		B7A9372A175E0CB40003D49D /* Debug */ = {
			isa = XCBuildConfiguration;
			buildSettings = {
				FRAMEWORK_SEARCH_PATHS = (
					"\"$(SDKROOT)/Developer/Library/Frameworks\"",
					"\"$(DEVELOPER_LIBRARY_DIR)/Frameworks\"",
				);
				GCC_PRECOMPILE_PREFIX_HEADER = YES;
				GCC_PREFIX_HEADER = "Alkaline/Alkaline-Prefix.pch";
				INFOPLIST_FILE = "AlkalineTests/AlkalineTests-Info.plist";
				PRODUCT_NAME = "$(TARGET_NAME)";
				WRAPPER_EXTENSION = octest;
			};
			name = Debug;
		};
		B7A9372B175E0CB40003D49D /* Release */ = {
			isa = XCBuildConfiguration;
			buildSettings = {
				FRAMEWORK_SEARCH_PATHS = (
					"\"$(SDKROOT)/Developer/Library/Frameworks\"",
					"\"$(DEVELOPER_LIBRARY_DIR)/Frameworks\"",
				);
				GCC_PRECOMPILE_PREFIX_HEADER = YES;
				GCC_PREFIX_HEADER = "Alkaline/Alkaline-Prefix.pch";
				INFOPLIST_FILE = "AlkalineTests/AlkalineTests-Info.plist";
				PRODUCT_NAME = "$(TARGET_NAME)";
				WRAPPER_EXTENSION = octest;
			};
			name = Release;
		};
		B7A9376F175E3B860003D49D /* Debug */ = {
			isa = XCBuildConfiguration;
			buildSettings = {
				"CODE_SIGN_IDENTITY[sdk=iphoneos*]" = "iPhone Developer";
				FRAMEWORK_SEARCH_PATHS = (
					"$(inherited)",
					"\"$(SYSTEM_APPS_DIR)/Xcode.app/Contents/Developer/Library/Frameworks\"",
				);
				GCC_PRECOMPILE_PREFIX_HEADER = YES;
				GCC_PREFIX_HEADER = "AlkalineRunner/AlkalineRunner-Prefix.pch";
				HEADER_SEARCH_PATHS = /include/;
				INFOPLIST_FILE = "AlkalineRunner/AlkalineRunner-Info.plist";
				IPHONEOS_DEPLOYMENT_TARGET = 6.1;
				OTHER_LDFLAGS = (
					"-ObjC",
					"-all_load",
				);
				PRODUCT_NAME = "$(TARGET_NAME)";
				TARGETED_DEVICE_FAMILY = "1,2";
				WRAPPER_EXTENSION = app;
			};
			name = Debug;
		};
		B7A93770175E3B860003D49D /* Release */ = {
			isa = XCBuildConfiguration;
			buildSettings = {
				"CODE_SIGN_IDENTITY[sdk=iphoneos*]" = "iPhone Developer";
				FRAMEWORK_SEARCH_PATHS = (
					"$(inherited)",
					"\"$(SYSTEM_APPS_DIR)/Xcode.app/Contents/Developer/Library/Frameworks\"",
				);
				GCC_PRECOMPILE_PREFIX_HEADER = YES;
				GCC_PREFIX_HEADER = "AlkalineRunner/AlkalineRunner-Prefix.pch";
				HEADER_SEARCH_PATHS = /include/;
				INFOPLIST_FILE = "AlkalineRunner/AlkalineRunner-Info.plist";
				IPHONEOS_DEPLOYMENT_TARGET = 6.1;
				OTHER_CFLAGS = "-DNS_BLOCK_ASSERTIONS=1";
				OTHER_LDFLAGS = (
					"-ObjC",
					"-all_load",
				);
				PRODUCT_NAME = "$(TARGET_NAME)";
				TARGETED_DEVICE_FAMILY = "1,2";
				WRAPPER_EXTENSION = app;
			};
			name = Release;
		};
/* End XCBuildConfiguration section */

/* Begin XCConfigurationList section */
		B7A936FC175E0CB40003D49D /* Build configuration list for PBXProject "Alkaline" */ = {
			isa = XCConfigurationList;
			buildConfigurations = (
				B7A93724175E0CB40003D49D /* Debug */,
				B7A93725175E0CB40003D49D /* Release */,
			);
			defaultConfigurationIsVisible = 0;
			defaultConfigurationName = Release;
		};
		B7A93726175E0CB40003D49D /* Build configuration list for PBXNativeTarget "Alkaline" */ = {
			isa = XCConfigurationList;
			buildConfigurations = (
				B7A93727175E0CB40003D49D /* Debug */,
				B7A93728175E0CB40003D49D /* Release */,
			);
			defaultConfigurationIsVisible = 0;
			defaultConfigurationName = Release;
		};
		B7A93729175E0CB40003D49D /* Build configuration list for PBXNativeTarget "AlkalineTests" */ = {
			isa = XCConfigurationList;
			buildConfigurations = (
				B7A9372A175E0CB40003D49D /* Debug */,
				B7A9372B175E0CB40003D49D /* Release */,
			);
			defaultConfigurationIsVisible = 0;
			defaultConfigurationName = Release;
		};
		B7A9376E175E3B860003D49D /* Build configuration list for PBXNativeTarget "AlkalineRunner" */ = {
			isa = XCConfigurationList;
			buildConfigurations = (
				B7A9376F175E3B860003D49D /* Debug */,
				B7A93770175E3B860003D49D /* Release */,
			);
			defaultConfigurationIsVisible = 0;
			defaultConfigurationName = Release;
		};
/* End XCConfigurationList section */
	};
	rootObject = B7A936F9175E0CB40003D49D /* Project object */;
}
